
Microsoft Visual Studio Solution File, Format Version 11.00
# Visual C++ Express 2010
Project("{8BC9CEB8-8B4A-11D0-8D11-00A0C91BC942}") = "libpccts_generic", "libpccts_generic.vcxproj", "{B7AC8B8F-D56B-4712-AE8C-0BED26F4B595}"
EndProject
Global
	GlobalSection(SolutionConfigurationPlatforms) = preSolution
		Debug|Win32 = Debug|Win32
		Release|Win32 = Release|Win32
	EndGlobalSection
	GlobalSection(ProjectConfigurationPlatforms) = postSolution
		{B7AC8B8F-D56B-4712-AE8C-0BED26F4B595}.Debug|Win32.ActiveCfg = Debug|Win32
		{B7AC8B8F-D56B-4712-AE8C-0BED26F4B595}.Debug|Win32.Build.0 = Debug|Win32
		{B7AC8B8F-D56B-4712-AE8C-0BED26F4B595}.Release|Win32.ActiveCfg = Release|Win32
		{B7AC8B8F-D56B-4712-AE8C-0BED26F4B595}.Release|Win32.Build.0 = Release|Win32
	EndGlobalSection
	GlobalSection(SolutionProperties) = preSolution
		HideSolutionNode = FALSE
	EndGlobalSection
EndGlobal
