
Microsoft Visual Studio Solution File, Format Version 11.00
# Visual C++ Express 2010
Project("{8BC9CEB8-8B4A-11D0-8D11-00A0C91BC942}") = "toro", "toro.vcxproj", "{18D5F5F0-3DD6-45CA-9CFE-640BAB903E97}"
	ProjectSection(ProjectDependencies) = postProject
		{E35F5701-1462-4D67-886D-29D6D465CAD1} = {E35F5701-1462-4D67-886D-29D6D465CAD1}
		{40158F0E-968B-4E54-B8EA-50486B0304FA} = {40158F0E-968B-4E54-B8EA-50486B0304FA}
		{16443D13-E6AA-4BCE-95C5-D3EB9DD843CD} = {16443D13-E6AA-4BCE-95C5-D3EB9DD843CD}
		{A49DD218-8428-441A-9555-787A1DD071CA} = {A49DD218-8428-441A-9555-787A1DD071CA}
		{4D791D1C-6042-4392-8AA1-B04ABD3D960C} = {4D791D1C-6042-4392-8AA1-B04ABD3D960C}
		{E179C51D-A59F-4930-B721-C6D8293C39A7} = {E179C51D-A59F-4930-B721-C6D8293C39A7}
		{38DBFA1D-FC29-40CC-AB49-6A987F8A388B} = {38DBFA1D-FC29-40CC-AB49-6A987F8A388B}
		{F61C112D-E468-4581-8631-E0573CB345C6} = {F61C112D-E468-4581-8631-E0573CB345C6}
		{A8D17A31-3FFD-4473-8DDD-0F61B50B45F3} = {A8D17A31-3FFD-4473-8DDD-0F61B50B45F3}
		{E7B7E43F-415A-4100-A8E3-31081609FF42} = {E7B7E43F-415A-4100-A8E3-31081609FF42}
		{CA17F353-7B4B-43DC-9086-613309A26BB6} = {CA17F353-7B4B-43DC-9086-613309A26BB6}
		{91F9BC5B-BDAB-4756-B6C8-97ABA68FDA96} = {91F9BC5B-BDAB-4756-B6C8-97ABA68FDA96}
		{74ACDE68-B6B8-4DCA-84EB-974CC8F59BCB} = {74ACDE68-B6B8-4DCA-84EB-974CC8F59BCB}
		{5776CC6A-C72E-4EA8-B873-8ED62ACB6948} = {5776CC6A-C72E-4EA8-B873-8ED62ACB6948}
		{F4320BAA-536B-4AAC-8A24-E7EE14503BEE} = {F4320BAA-536B-4AAC-8A24-E7EE14503BEE}
		{C19E98D0-4B14-4732-A8A6-E56BDE4C0E36} = {C19E98D0-4B14-4732-A8A6-E56BDE4C0E36}
		{0FDE01DE-505A-40F5-AC2D-F3DE6D05CA4E} = {0FDE01DE-505A-40F5-AC2D-F3DE6D05CA4E}
		{AC607BE1-2FB9-401D-AFEE-99EE51E21517} = {AC607BE1-2FB9-401D-AFEE-99EE51E21517}
		{9D3AA5FB-2D30-48D6-9A6F-A4842742CFB8} = {9D3AA5FB-2D30-48D6-9A6F-A4842742CFB8}
	EndProjectSection
EndProject
Project("{8BC9CEB8-8B4A-11D0-8D11-00A0C91BC942}") = "TAP_ArchitectureParser", "..\TAP_ArchitectureParser\TAP_ArchitectureParser.vcxproj", "{9E4F7B58-A922-4F83-A81D-2731745D7B51}"
EndProject
Project("{8BC9CEB8-8B4A-11D0-8D11-00A0C91BC942}") = "TAS_ArchitectureSpec", "..\TAS_ArchitectureSpec\TAS_ArchitectureSpec.vcxproj", "{9D3AA5FB-2D30-48D6-9A6F-A4842742CFB8}"
EndProject
Project("{8BC9CEB8-8B4A-11D0-8D11-00A0C91BC942}") = "TAXP_ArchitectureXmlParser", "..\TAXP_ArchitectureXmlParser\TAXP_ArchitectureXmlParser.vcxproj", "{9D8A8FAE-83CE-421F-9B74-6ECCDD2EF93C}"
EndProject
Project("{8BC9CEB8-8B4A-11D0-8D11-00A0C91BC942}") = "TC_Common", "..\TC_Common\TC_Common.vcxproj", "{E35F5701-1462-4D67-886D-29D6D465CAD1}"
EndProject
Project("{8BC9CEB8-8B4A-11D0-8D11-00A0C91BC942}") = "TCBP_CircuitBlifParser", "..\TCBP_CircuitBlifParser\TCBP_CircuitBlifParser.vcxproj", "{7AFA64AB-CED7-4200-AD2C-108043B606F7}"
EndProject
Project("{8BC9CEB8-8B4A-11D0-8D11-00A0C91BC942}") = "TCD_CircuitDesign", "..\TCD_CircuitDesign\TCD_CircuitDesign.vcxproj", "{91F9BC5B-BDAB-4756-B6C8-97ABA68FDA96}"
EndProject
Project("{8BC9CEB8-8B4A-11D0-8D11-00A0C91BC942}") = "TCL_CommandLine", "..\TCL_CommandLine\TCL_CommandLine.vcxproj", "{0FDE01DE-505A-40F5-AC2D-F3DE6D05CA4E}"
EndProject
Project("{8BC9CEB8-8B4A-11D0-8D11-00A0C91BC942}") = "TCP_CircuitParser", "..\TCP_CircuitParser\TCP_CircuitParser.vcxproj", "{39204E83-9C4D-4218-BEE1-C21715018DE1}"
EndProject
Project("{8BC9CEB8-8B4A-11D0-8D11-00A0C91BC942}") = "TFM_FabricModel", "..\TFM_FabricModel\TFM_FabricModel.vcxproj", "{AC607BE1-2FB9-401D-AFEE-99EE51E21517}"
EndProject
Project("{8BC9CEB8-8B4A-11D0-8D11-00A0C91BC942}") = "TFP_FabricParser", "..\TFP_FabricParser\TFP_FabricParser.vcxproj", "{04AD8235-37FF-434B-A72D-4A1146DC3EC4}"
EndProject
Project("{8BC9CEB8-8B4A-11D0-8D11-00A0C91BC942}") = "TFS_FloorplanStore", "..\TFS_FloorplanStore\TFS_FloorplanStore.vcxproj", "{38DBFA1D-FC29-40CC-AB49-6A987F8A388B}"
EndProject
Project("{8BC9CEB8-8B4A-11D0-8D11-00A0C91BC942}") = "TFV_FabricView", "..\TFV_FabricView\TFV_FabricView.vcxproj", "{CA17F353-7B4B-43DC-9086-613309A26BB6}"
EndProject
Project("{8BC9CEB8-8B4A-11D0-8D11-00A0C91BC942}") = "TGS_GeometricShapes", "..\TGS_GeometricShapes\TGS_GeometricShapes.vcxproj", "{A8D17A31-3FFD-4473-8DDD-0F61B50B45F3}"
EndProject
Project("{8BC9CEB8-8B4A-11D0-8D11-00A0C91BC942}") = "TI_Input", "..\TI_Input\TI_Input.vcxproj", "{16443D13-E6AA-4BCE-95C5-D3EB9DD843CD}"
EndProject
Project("{8BC9CEB8-8B4A-11D0-8D11-00A0C91BC942}") = "TIO_InputOutputHandlers", "..\TIO_InputOutputHandlers\TIO_InputOutputHandlers.vcxproj", "{40158F0E-968B-4E54-B8EA-50486B0304FA}"
EndProject
Project("{8BC9CEB8-8B4A-11D0-8D11-00A0C91BC942}") = "TLO_LogicalObjects", "..\TLO_LogicalObjects\TLO_LogicalObjects.vcxproj", "{F4320BAA-536B-4AAC-8A24-E7EE14503BEE}"
EndProject
Project("{8BC9CEB8-8B4A-11D0-8D11-00A0C91BC942}") = "TM_Master", "..\TM_Master\TM_Master.vcxproj", "{F61C112D-E468-4581-8631-E0573CB345C6}"
EndProject
Project("{8BC9CEB8-8B4A-11D0-8D11-00A0C91BC942}") = "TNO_NetObjects", "..\TNO_NetObjects\TNO_NetObjects.vcxproj", "{E179C51D-A59F-4930-B721-C6D8293C39A7}"
EndProject
Project("{8BC9CEB8-8B4A-11D0-8D11-00A0C91BC942}") = "TO_Output", "..\TO_Output\TO_Output.vcxproj", "{A49DD218-8428-441A-9555-787A1DD071CA}"
EndProject
Project("{8BC9CEB8-8B4A-11D0-8D11-00A0C91BC942}") = "TOP_OptionsParser", "..\TOP_OptionsParser\TOP_OptionsParser.vcxproj", "{E2305FBD-3104-4E9F-ACEA-99048AA2D68B}"
EndProject
Project("{8BC9CEB8-8B4A-11D0-8D11-00A0C91BC942}") = "TOS_OptionsStore", "..\TOS_OptionsStore\TOS_OptionsStore.vcxproj", "{74ACDE68-B6B8-4DCA-84EB-974CC8F59BCB}"
EndProject
Project("{8BC9CEB8-8B4A-11D0-8D11-00A0C91BC942}") = "TP_Process", "..\TP_Process\TP_Process.vcxproj", "{C19E98D0-4B14-4732-A8A6-E56BDE4C0E36}"
EndProject
Project("{8BC9CEB8-8B4A-11D0-8D11-00A0C91BC942}") = "TPO_PhysicalObjects", "..\TPO_PhysicalObjects\TPO_PhysicalObjects.vcxproj", "{5776CC6A-C72E-4EA8-B873-8ED62ACB6948}"
EndProject
Project("{8BC9CEB8-8B4A-11D0-8D11-00A0C91BC942}") = "TTP_TilePlaneObjects", "..\TTP_TilePlaneObjects\TTP_TilePlaneObjects.vcxproj", "{E7B7E43F-415A-4100-A8E3-31081609FF42}"
EndProject
Project("{8BC9CEB8-8B4A-11D0-8D11-00A0C91BC942}") = "TVPR_Interface", "..\TVPR_Interface\TVPR_Interface.vcxproj", "{4D791D1C-6042-4392-8AA1-B04ABD3D960C}"
EndProject
Project("{8BC9CEB8-8B4A-11D0-8D11-00A0C91BC942}") = "pcre", "..\..\pcre\pcre.vcxproj", "{F15A8901-660A-4FFE-890E-74CCC94E862A}"
EndProject
Project("{8BC9CEB8-8B4A-11D0-8D11-00A0C91BC942}") = "pccts_h", "..\..\pccts\h\pccts_h.vcxproj", "{4821D1B3-2783-4C9A-B6AC-DA5427339246}"
EndProject
Project("{8BC9CEB8-8B4A-11D0-8D11-00A0C91BC942}") = "pccts_generic", "..\..\pccts\pcctsGeneric\pccts_generic.vcxproj", "{B7AC8B8F-D56B-4712-AE8C-0BED26F4B595}"
EndProject
Project("{8BC9CEB8-8B4A-11D0-8D11-00A0C91BC942}") = "libarchfpga", "..\..\libarchfpga\libarchfpga.vcxproj", "{CBBA36E0-CD88-4586-AFB6-A0E603D16796}"
EndProject
Project("{8BC9CEB8-8B4A-11D0-8D11-00A0C91BC942}") = "libvpr", "..\..\vpr\libvpr.vcxproj", "{9B796FA8-5218-2572-3B3F-83D6D7A9703A}"
EndProject
Global
	GlobalSection(SolutionConfigurationPlatforms) = preSolution
		Debug|Win32 = Debug|Win32
		Release|Win32 = Release|Win32
	EndGlobalSection
	GlobalSection(ProjectConfigurationPlatforms) = postSolution
		{18D5F5F0-3DD6-45CA-9CFE-640BAB903E97}.Debug|Win32.ActiveCfg = Debug|Win32
		{18D5F5F0-3DD6-45CA-9CFE-640BAB903E97}.Debug|Win32.Build.0 = Debug|Win32
		{18D5F5F0-3DD6-45CA-9CFE-640BAB903E97}.Release|Win32.ActiveCfg = Release|Win32
		{18D5F5F0-3DD6-45CA-9CFE-640BAB903E97}.Release|Win32.Build.0 = Release|Win32
		{9E4F7B58-A922-4F83-A81D-2731745D7B51}.Debug|Win32.ActiveCfg = Debug|Win32
		{9E4F7B58-A922-4F83-A81D-2731745D7B51}.Debug|Win32.Build.0 = Debug|Win32
		{9E4F7B58-A922-4F83-A81D-2731745D7B51}.Release|Win32.ActiveCfg = Release|Win32
		{9E4F7B58-A922-4F83-A81D-2731745D7B51}.Release|Win32.Build.0 = Release|Win32
		{9D3AA5FB-2D30-48D6-9A6F-A4842742CFB8}.Debug|Win32.ActiveCfg = Debug|Win32
		{9D3AA5FB-2D30-48D6-9A6F-A4842742CFB8}.Debug|Win32.Build.0 = Debug|Win32
		{9D3AA5FB-2D30-48D6-9A6F-A4842742CFB8}.Release|Win32.ActiveCfg = Release|Win32
		{9D3AA5FB-2D30-48D6-9A6F-A4842742CFB8}.Release|Win32.Build.0 = Release|Win32
		{9D8A8FAE-83CE-421F-9B74-6ECCDD2EF93C}.Debug|Win32.ActiveCfg = Debug|Win32
		{9D8A8FAE-83CE-421F-9B74-6ECCDD2EF93C}.Debug|Win32.Build.0 = Debug|Win32
		{9D8A8FAE-83CE-421F-9B74-6ECCDD2EF93C}.Release|Win32.ActiveCfg = Release|Win32
		{9D8A8FAE-83CE-421F-9B74-6ECCDD2EF93C}.Release|Win32.Build.0 = Release|Win32
		{E35F5701-1462-4D67-886D-29D6D465CAD1}.Debug|Win32.ActiveCfg = Debug|Win32
		{E35F5701-1462-4D67-886D-29D6D465CAD1}.Debug|Win32.Build.0 = Debug|Win32
		{E35F5701-1462-4D67-886D-29D6D465CAD1}.Release|Win32.ActiveCfg = Release|Win32
		{E35F5701-1462-4D67-886D-29D6D465CAD1}.Release|Win32.Build.0 = Release|Win32
		{7AFA64AB-CED7-4200-AD2C-108043B606F7}.Debug|Win32.ActiveCfg = Debug|Win32
		{7AFA64AB-CED7-4200-AD2C-108043B606F7}.Debug|Win32.Build.0 = Debug|Win32
		{7AFA64AB-CED7-4200-AD2C-108043B606F7}.Release|Win32.ActiveCfg = Release|Win32
		{7AFA64AB-CED7-4200-AD2C-108043B606F7}.Release|Win32.Build.0 = Release|Win32
		{91F9BC5B-BDAB-4756-B6C8-97ABA68FDA96}.Debug|Win32.ActiveCfg = Debug|Win32
		{91F9BC5B-BDAB-4756-B6C8-97ABA68FDA96}.Debug|Win32.Build.0 = Debug|Win32
		{91F9BC5B-BDAB-4756-B6C8-97ABA68FDA96}.Release|Win32.ActiveCfg = Release|Win32
		{91F9BC5B-BDAB-4756-B6C8-97ABA68FDA96}.Release|Win32.Build.0 = Release|Win32
		{0FDE01DE-505A-40F5-AC2D-F3DE6D05CA4E}.Debug|Win32.ActiveCfg = Debug|Win32
		{0FDE01DE-505A-40F5-AC2D-F3DE6D05CA4E}.Debug|Win32.Build.0 = Debug|Win32
		{0FDE01DE-505A-40F5-AC2D-F3DE6D05CA4E}.Release|Win32.ActiveCfg = Release|Win32
		{0FDE01DE-505A-40F5-AC2D-F3DE6D05CA4E}.Release|Win32.Build.0 = Release|Win32
		{39204E83-9C4D-4218-BEE1-C21715018DE1}.Debug|Win32.ActiveCfg = Debug|Win32
		{39204E83-9C4D-4218-BEE1-C21715018DE1}.Debug|Win32.Build.0 = Debug|Win32
		{39204E83-9C4D-4218-BEE1-C21715018DE1}.Release|Win32.ActiveCfg = Release|Win32
		{39204E83-9C4D-4218-BEE1-C21715018DE1}.Release|Win32.Build.0 = Release|Win32
		{AC607BE1-2FB9-401D-AFEE-99EE51E21517}.Debug|Win32.ActiveCfg = Debug|Win32
		{AC607BE1-2FB9-401D-AFEE-99EE51E21517}.Debug|Win32.Build.0 = Debug|Win32
		{AC607BE1-2FB9-401D-AFEE-99EE51E21517}.Release|Win32.ActiveCfg = Release|Win32
		{AC607BE1-2FB9-401D-AFEE-99EE51E21517}.Release|Win32.Build.0 = Release|Win32
		{04AD8235-37FF-434B-A72D-4A1146DC3EC4}.Debug|Win32.ActiveCfg = Debug|Win32
		{04AD8235-37FF-434B-A72D-4A1146DC3EC4}.Debug|Win32.Build.0 = Debug|Win32
		{04AD8235-37FF-434B-A72D-4A1146DC3EC4}.Release|Win32.ActiveCfg = Release|Win32
		{04AD8235-37FF-434B-A72D-4A1146DC3EC4}.Release|Win32.Build.0 = Release|Win32
		{38DBFA1D-FC29-40CC-AB49-6A987F8A388B}.Debug|Win32.ActiveCfg = Debug|Win32
		{38DBFA1D-FC29-40CC-AB49-6A987F8A388B}.Debug|Win32.Build.0 = Debug|Win32
		{38DBFA1D-FC29-40CC-AB49-6A987F8A388B}.Release|Win32.ActiveCfg = Release|Win32
		{38DBFA1D-FC29-40CC-AB49-6A987F8A388B}.Release|Win32.Build.0 = Release|Win32
		{CA17F353-7B4B-43DC-9086-613309A26BB6}.Debug|Win32.ActiveCfg = Debug|Win32
		{CA17F353-7B4B-43DC-9086-613309A26BB6}.Debug|Win32.Build.0 = Debug|Win32
		{CA17F353-7B4B-43DC-9086-613309A26BB6}.Release|Win32.ActiveCfg = Release|Win32
		{CA17F353-7B4B-43DC-9086-613309A26BB6}.Release|Win32.Build.0 = Release|Win32
		{A8D17A31-3FFD-4473-8DDD-0F61B50B45F3}.Debug|Win32.ActiveCfg = Debug|Win32
		{A8D17A31-3FFD-4473-8DDD-0F61B50B45F3}.Debug|Win32.Build.0 = Debug|Win32
		{A8D17A31-3FFD-4473-8DDD-0F61B50B45F3}.Release|Win32.ActiveCfg = Release|Win32
		{A8D17A31-3FFD-4473-8DDD-0F61B50B45F3}.Release|Win32.Build.0 = Release|Win32
		{16443D13-E6AA-4BCE-95C5-D3EB9DD843CD}.Debug|Win32.ActiveCfg = Debug|Win32
		{16443D13-E6AA-4BCE-95C5-D3EB9DD843CD}.Debug|Win32.Build.0 = Debug|Win32
		{16443D13-E6AA-4BCE-95C5-D3EB9DD843CD}.Release|Win32.ActiveCfg = Release|Win32
		{16443D13-E6AA-4BCE-95C5-D3EB9DD843CD}.Release|Win32.Build.0 = Release|Win32
		{40158F0E-968B-4E54-B8EA-50486B0304FA}.Debug|Win32.ActiveCfg = Debug|Win32
		{40158F0E-968B-4E54-B8EA-50486B0304FA}.Debug|Win32.Build.0 = Debug|Win32
		{40158F0E-968B-4E54-B8EA-50486B0304FA}.Release|Win32.ActiveCfg = Release|Win32
		{40158F0E-968B-4E54-B8EA-50486B0304FA}.Release|Win32.Build.0 = Release|Win32
		{F4320BAA-536B-4AAC-8A24-E7EE14503BEE}.Debug|Win32.ActiveCfg = Debug|Win32
		{F4320BAA-536B-4AAC-8A24-E7EE14503BEE}.Debug|Win32.Build.0 = Debug|Win32
		{F4320BAA-536B-4AAC-8A24-E7EE14503BEE}.Release|Win32.ActiveCfg = Release|Win32
		{F4320BAA-536B-4AAC-8A24-E7EE14503BEE}.Release|Win32.Build.0 = Release|Win32
		{F61C112D-E468-4581-8631-E0573CB345C6}.Debug|Win32.ActiveCfg = Debug|Win32
		{F61C112D-E468-4581-8631-E0573CB345C6}.Debug|Win32.Build.0 = Debug|Win32
		{F61C112D-E468-4581-8631-E0573CB345C6}.Release|Win32.ActiveCfg = Release|Win32
		{F61C112D-E468-4581-8631-E0573CB345C6}.Release|Win32.Build.0 = Release|Win32
		{E179C51D-A59F-4930-B721-C6D8293C39A7}.Debug|Win32.ActiveCfg = Debug|Win32
		{E179C51D-A59F-4930-B721-C6D8293C39A7}.Debug|Win32.Build.0 = Debug|Win32
		{E179C51D-A59F-4930-B721-C6D8293C39A7}.Release|Win32.ActiveCfg = Release|Win32
		{E179C51D-A59F-4930-B721-C6D8293C39A7}.Release|Win32.Build.0 = Release|Win32
		{A49DD218-8428-441A-9555-787A1DD071CA}.Debug|Win32.ActiveCfg = Debug|Win32
		{A49DD218-8428-441A-9555-787A1DD071CA}.Debug|Win32.Build.0 = Debug|Win32
		{A49DD218-8428-441A-9555-787A1DD071CA}.Release|Win32.ActiveCfg = Release|Win32
		{A49DD218-8428-441A-9555-787A1DD071CA}.Release|Win32.Build.0 = Release|Win32
		{E2305FBD-3104-4E9F-ACEA-99048AA2D68B}.Debug|Win32.ActiveCfg = Debug|Win32
		{E2305FBD-3104-4E9F-ACEA-99048AA2D68B}.Debug|Win32.Build.0 = Debug|Win32
		{E2305FBD-3104-4E9F-ACEA-99048AA2D68B}.Release|Win32.ActiveCfg = Release|Win32
		{E2305FBD-3104-4E9F-ACEA-99048AA2D68B}.Release|Win32.Build.0 = Release|Win32
		{74ACDE68-B6B8-4DCA-84EB-974CC8F59BCB}.Debug|Win32.ActiveCfg = Debug|Win32
		{74ACDE68-B6B8-4DCA-84EB-974CC8F59BCB}.Debug|Win32.Build.0 = Debug|Win32
		{74ACDE68-B6B8-4DCA-84EB-974CC8F59BCB}.Release|Win32.ActiveCfg = Release|Win32
		{74ACDE68-B6B8-4DCA-84EB-974CC8F59BCB}.Release|Win32.Build.0 = Release|Win32
		{C19E98D0-4B14-4732-A8A6-E56BDE4C0E36}.Debug|Win32.ActiveCfg = Debug|Win32
		{C19E98D0-4B14-4732-A8A6-E56BDE4C0E36}.Debug|Win32.Build.0 = Debug|Win32
		{C19E98D0-4B14-4732-A8A6-E56BDE4C0E36}.Release|Win32.ActiveCfg = Release|Win32
		{C19E98D0-4B14-4732-A8A6-E56BDE4C0E36}.Release|Win32.Build.0 = Release|Win32
		{5776CC6A-C72E-4EA8-B873-8ED62ACB6948}.Debug|Win32.ActiveCfg = Debug|Win32
		{5776CC6A-C72E-4EA8-B873-8ED62ACB6948}.Debug|Win32.Build.0 = Debug|Win32
		{5776CC6A-C72E-4EA8-B873-8ED62ACB6948}.Release|Win32.ActiveCfg = Release|Win32
		{5776CC6A-C72E-4EA8-B873-8ED62ACB6948}.Release|Win32.Build.0 = Release|Win32
		{E7B7E43F-415A-4100-A8E3-31081609FF42}.Debug|Win32.ActiveCfg = Debug|Win32
		{E7B7E43F-415A-4100-A8E3-31081609FF42}.Debug|Win32.Build.0 = Debug|Win32
		{E7B7E43F-415A-4100-A8E3-31081609FF42}.Release|Win32.ActiveCfg = Release|Win32
		{E7B7E43F-415A-4100-A8E3-31081609FF42}.Release|Win32.Build.0 = Release|Win32
		{4D791D1C-6042-4392-8AA1-B04ABD3D960C}.Debug|Win32.ActiveCfg = Debug|Win32
		{4D791D1C-6042-4392-8AA1-B04ABD3D960C}.Debug|Win32.Build.0 = Debug|Win32
		{4D791D1C-6042-4392-8AA1-B04ABD3D960C}.Release|Win32.ActiveCfg = Release|Win32
		{4D791D1C-6042-4392-8AA1-B04ABD3D960C}.Release|Win32.Build.0 = Release|Win32
		{F15A8901-660A-4FFE-890E-74CCC94E862A}.Debug|Win32.ActiveCfg = Debug|Win32
		{F15A8901-660A-4FFE-890E-74CCC94E862A}.Debug|Win32.Build.0 = Debug|Win32
		{F15A8901-660A-4FFE-890E-74CCC94E862A}.Release|Win32.ActiveCfg = Release|Win32
		{F15A8901-660A-4FFE-890E-74CCC94E862A}.Release|Win32.Build.0 = Release|Win32
		{4821D1B3-2783-4C9A-B6AC-DA5427339246}.Debug|Win32.ActiveCfg = Debug|Win32
		{4821D1B3-2783-4C9A-B6AC-DA5427339246}.Debug|Win32.Build.0 = Debug|Win32
		{4821D1B3-2783-4C9A-B6AC-DA5427339246}.Release|Win32.ActiveCfg = Release|Win32
		{4821D1B3-2783-4C9A-B6AC-DA5427339246}.Release|Win32.Build.0 = Release|Win32
		{B7AC8B8F-D56B-4712-AE8C-0BED26F4B595}.Debug|Win32.ActiveCfg = Debug|Win32
		{B7AC8B8F-D56B-4712-AE8C-0BED26F4B595}.Debug|Win32.Build.0 = Debug|Win32
		{B7AC8B8F-D56B-4712-AE8C-0BED26F4B595}.Release|Win32.ActiveCfg = Release|Win32
		{B7AC8B8F-D56B-4712-AE8C-0BED26F4B595}.Release|Win32.Build.0 = Release|Win32
		{CBBA36E0-CD88-4586-AFB6-A0E603D16796}.Debug|Win32.ActiveCfg = Debug|Win32
		{CBBA36E0-CD88-4586-AFB6-A0E603D16796}.Debug|Win32.Build.0 = Debug|Win32
		{CBBA36E0-CD88-4586-AFB6-A0E603D16796}.Release|Win32.ActiveCfg = Release|Win32
		{CBBA36E0-CD88-4586-AFB6-A0E603D16796}.Release|Win32.Build.0 = Release|Win32
		{9B796FA8-5218-2572-3B3F-83D6D7A9703A}.Debug|Win32.ActiveCfg = Debug|Win32
		{9B796FA8-5218-2572-3B3F-83D6D7A9703A}.Debug|Win32.Build.0 = Debug|Win32
		{9B796FA8-5218-2572-3B3F-83D6D7A9703A}.Release|Win32.ActiveCfg = Release|Win32
		{9B796FA8-5218-2572-3B3F-83D6D7A9703A}.Release|Win32.Build.0 = Release|Win32
	EndGlobalSection
	GlobalSection(SolutionProperties) = preSolution
		HideSolutionNode = FALSE
	EndGlobalSection
EndGlobal
