
Microsoft Visual Studio Solution File, Format Version 12.00
# Visual Studio Express 2012 for Windows Desktop
Project("{8BC9CEB8-8B4A-11D0-8D11-00A0C91BC942}") = "VPR", "VPR.vcxproj", "{F9E45E14-1249-4E95-86DD-5676DB5C87FD}"
	ProjectSection(ProjectDependencies) = postProject
		{E69F5499-A0D1-D11D-7766-3677D8FA2507} = {E69F5499-A0D1-D11D-7766-3677D8FA2507}
		{A5092A9C-6DFD-4DEC-9951-51606F5EAF3B} = {A5092A9C-6DFD-4DEC-9951-51606F5EAF3B}
		{CBBA36E0-CD88-4586-AFB6-A0E603D16796} = {CBBA36E0-CD88-4586-AFB6-A0E603D16796}
	EndProjectSection
EndProject
Project("{8BC9CEB8-8B4A-11D0-8D11-00A0C91BC942}") = "libarchfpga", "..\libarchfpga\libarchfpga.vcxproj", "{CBBA36E0-CD88-4586-AFB6-A0E603D16796}"
	ProjectSection(ProjectDependencies) = postProject
		{A5092A9C-6DFD-4DEC-9951-51606F5EAF3B} = {A5092A9C-6DFD-4DEC-9951-51606F5EAF3B}
	EndProjectSection
EndProject
Project("{8BC9CEB8-8B4A-11D0-8D11-00A0C91BC942}") = "libcommon_c++", "..\libcommon_c++\printhandler.vcxproj", "{A5092A9C-6DFD-4DEC-9951-51606F5EAF3B}"
EndProject
Project("{8BC9CEB8-8B4A-11D0-8D11-00A0C91BC942}") = "libpcre", "..\libcommon_c\pcre\libpcre.vcxproj", "{E69F5499-A0D1-D11D-7766-3677D8FA2507}"
EndProject
Global
	GlobalSection(SolutionConfigurationPlatforms) = preSolution
		Debug|Win32 = Debug|Win32
		Release|Win32 = Release|Win32
	EndGlobalSection
	GlobalSection(ProjectConfigurationPlatforms) = postSolution
		{F9E45E14-1249-4E95-86DD-5676DB5C87FD}.Debug|Win32.ActiveCfg = Debug|Win32
		{F9E45E14-1249-4E95-86DD-5676DB5C87FD}.Debug|Win32.Build.0 = Debug|Win32
		{F9E45E14-1249-4E95-86DD-5676DB5C87FD}.Release|Win32.ActiveCfg = Release|Win32
		{F9E45E14-1249-4E95-86DD-5676DB5C87FD}.Release|Win32.Build.0 = Release|Win32
		{CBBA36E0-CD88-4586-AFB6-A0E603D16796}.Debug|Win32.ActiveCfg = Debug|Win32
		{CBBA36E0-CD88-4586-AFB6-A0E603D16796}.Debug|Win32.Build.0 = Debug|Win32
		{CBBA36E0-CD88-4586-AFB6-A0E603D16796}.Release|Win32.ActiveCfg = Release|Win32
		{CBBA36E0-CD88-4586-AFB6-A0E603D16796}.Release|Win32.Build.0 = Release|Win32
		{A5092A9C-6DFD-4DEC-9951-51606F5EAF3B}.Debug|Win32.ActiveCfg = Debug|Win32
		{A5092A9C-6DFD-4DEC-9951-51606F5EAF3B}.Debug|Win32.Build.0 = Debug|Win32
		{A5092A9C-6DFD-4DEC-9951-51606F5EAF3B}.Release|Win32.ActiveCfg = Release|Win32
		{A5092A9C-6DFD-4DEC-9951-51606F5EAF3B}.Release|Win32.Build.0 = Release|Win32
		{E69F5499-A0D1-D11D-7766-3677D8FA2507}.Debug|Win32.ActiveCfg = Debug|Win32
		{E69F5499-A0D1-D11D-7766-3677D8FA2507}.Debug|Win32.Build.0 = Debug|Win32
		{E69F5499-A0D1-D11D-7766-3677D8FA2507}.Release|Win32.ActiveCfg = Release|Win32
		{E69F5499-A0D1-D11D-7766-3677D8FA2507}.Release|Win32.Build.0 = Release|Win32
	EndGlobalSection
	GlobalSection(SolutionProperties) = preSolution
		HideSolutionNode = FALSE
	EndGlobalSection
EndGlobal
